
Microsoft Visual Studio Solution File, Format Version 12.00
# Visual Studio 15
VisualStudioVersion = 15.0.28010.2046
MinimumVisualStudioVersion = 10.0.40219.1
Project("{FAE04EC0-301F-11D3-BF4B-00C04F79EFBC}") = "MedStatistics", "MedStatistics\MedStatistics.csproj", "{A69CA494-8371-4294-98D0-736690D1A31F}"
EndProject
Global
	GlobalSection(SolutionConfigurationPlatforms) = preSolution
		Debug|Any CPU = Debug|Any CPU
		Release|Any CPU = Release|Any CPU
	EndGlobalSection
	GlobalSection(ProjectConfigurationPlatforms) = postSolution
		{A69CA494-8371-4294-98D0-736690D1A31F}.Debug|Any CPU.ActiveCfg = Debug|Any CPU
		{A69CA494-8371-4294-98D0-736690D1A31F}.Debug|Any CPU.Build.0 = Debug|Any CPU
		{A69CA494-8371-4294-98D0-736690D1A31F}.Release|Any CPU.ActiveCfg = Release|Any CPU
		{A69CA494-8371-4294-98D0-736690D1A31F}.Release|Any CPU.Build.0 = Release|Any CPU
	EndGlobalSection
	GlobalSection(SolutionProperties) = preSolution
		HideSolutionNode = FALSE
	EndGlobalSection
	GlobalSection(ExtensibilityGlobals) = postSolution
		SolutionGuid = {77D2942A-053D-4FF5-95F7-274335900D81}
	EndGlobalSection
EndGlobal
